<?xml version="1.0" encoding="utf-8"?>
<Project ToolsVersion="4.0" xmlns="http://schemas.microsoft.com/developer/msbuild/2003">
  <ItemGroup>
    <Filter Include="Source Files">
      <UniqueIdentifier>{4FC737F1-C7A5-4376-A066-2A32D752A2FF}</UniqueIdentifier>
      <Extensions>cpp;c;cc;cxx;def;odl;idl;hpj;bat;asm;asmx</Extensions>
    </Filter>
    <Filter Include="Header Files">
      <UniqueIdentifier>{93995380-89BD-4b04-88EB-625FBE52EBFB}</UniqueIdentifier>
      <Extensions>h;hh;hpp;hxx;hm;inl;inc;xsd</Extensions>
    </Filter>
    <Filter Include="Resource Files">
      <UniqueIdentifier>{67DA6AB6-F800-4c08-8B7A-83BB121AAD01}</UniqueIdentifier>
      <Extensions>rc;ico;cur;bmp;dlg;rc2;rct;bin;rgs;gif;jpg;jpeg;jpe;resx;tiff;tif;png;wav;mfcribbon-ms</Extensions>
    </Filter>
  </ItemGroup>
  <ItemGroup>
    <ClCompile Include="S3DE\Graphics\GUI\Display.cpp">
      <Filter>Source Files</Filter>
    </ClCompile>
    <ClCompile Include="S3DE\Graphics\Objects\Mesh.cpp">
      <Filter>Source Files</Filter>
    </ClCompile>
    <ClCompile Include="S3DE\Graphics\Objects\Model.cpp">
      <Filter>Source Files</Filter>
    </ClCompile>
    <ClCompile Include="S3DE\Graphics\Rendering\Renderer.cpp">
      <Filter>Source Files</Filter>
    </ClCompile>
    <ClCompile Include="S3DE\Graphics\Shaders\Shader.cpp">
      <Filter>Source Files</Filter>
    </ClCompile>
    <ClCompile Include="S3DE\Input\InputManager.cpp">
      <Filter>Source Files</Filter>
    </ClCompile>
    <ClCompile Include="S3DE\OpenGLAbstractions\IndexBuffer.cpp">
      <Filter>Source Files</Filter>
    </ClCompile>
    <ClCompile Include="S3DE\OpenGLAbstractions\UniformBuffer.cpp">
      <Filter>Source Files</Filter>
    </ClCompile>
    <ClCompile Include="S3DE\OpenGLAbstractions\VertexArray.cpp">
      <Filter>Source Files</Filter>
    </ClCompile>
    <ClCompile Include="S3DE\OpenGLAbstractions\VertexBuffer.cpp">
      <Filter>Source Files</Filter>
    </ClCompile>
    <ClCompile Include="S3DE\Scene\Camera\Camera.cpp">
      <Filter>Source Files</Filter>
    </ClCompile>
    <ClCompile Include="S3DE\Scene\Camera\FPSCamera.cpp">
      <Filter>Source Files</Filter>
    </ClCompile>
    <ClCompile Include="S3DE\Utils\Error.cpp">
      <Filter>Source Files</Filter>
    </ClCompile>
    <ClCompile Include="S3DE\Utils\ModelLoader.cpp">
      <Filter>Source Files</Filter>
    </ClCompile>
    <ClCompile Include="S3DE\Utils\Timer.cpp">
      <Filter>Source Files</Filter>
    </ClCompile>
    <ClCompile Include="S3DE\Game\IGame.cpp">
      <Filter>Source Files</Filter>
    </ClCompile>
    <ClCompile Include="S3DE\Game\ECS\Component.cpp">
      <Filter>Source Files</Filter>
    </ClCompile>
    <ClCompile Include="S3DE\Game\ECS\Ecs.cpp">
      <Filter>Source Files</Filter>
    </ClCompile>
    <ClCompile Include="S3DE\Game\ECS\Entity.cpp">
      <Filter>Source Files</Filter>
    </ClCompile>
  </ItemGroup>
  <ItemGroup>
    <ClInclude Include="S3DE\Graphics\GUI\Display.h">
      <Filter>Header Files</Filter>
    </ClInclude>
    <ClInclude Include="S3DE\Graphics\GUI\WindowConfig.h">
      <Filter>Header Files</Filter>
    </ClInclude>
    <ClInclude Include="S3DE\Graphics\Objects\Material.h">
      <Filter>Header Files</Filter>
    </ClInclude>
    <ClInclude Include="S3DE\Graphics\Objects\Mesh.h">
      <Filter>Header Files</Filter>
    </ClInclude>
    <ClInclude Include="S3DE\Graphics\Objects\MeshConfig.h">
      <Filter>Header Files</Filter>
    </ClInclude>
    <ClInclude Include="S3DE\Graphics\Objects\Model.h">
      <Filter>Header Files</Filter>
    </ClInclude>
    <ClInclude Include="S3DE\Graphics\Objects\Vertex.h">
      <Filter>Header Files</Filter>
    </ClInclude>
    <ClInclude Include="S3DE\Graphics\Rendering\Renderer.h">
      <Filter>Header Files</Filter>
    </ClInclude>
    <ClInclude Include="S3DE\Graphics\Shaders\Shader.h">
      <Filter>Header Files</Filter>
    </ClInclude>
    <ClInclude Include="S3DE\Graphics\Shaders\ShaderConfig.h">
      <Filter>Header Files</Filter>
    </ClInclude>
    <ClInclude Include="S3DE\Input\InputConfig.h">
      <Filter>Header Files</Filter>
    </ClInclude>
    <ClInclude Include="S3DE\Input\InputManager.h">
      <Filter>Header Files</Filter>
    </ClInclude>
    <ClInclude Include="S3DE\OpenGLAbstractions\IndexBuffer.h">
      <Filter>Header Files</Filter>
    </ClInclude>
    <ClInclude Include="S3DE\OpenGLAbstractions\UniformBuffer.h">
      <Filter>Header Files</Filter>
    </ClInclude>
    <ClInclude Include="S3DE\OpenGLAbstractions\VertexArray.h">
      <Filter>Header Files</Filter>
    </ClInclude>
    <ClInclude Include="S3DE\OpenGLAbstractions\VertexBuffer.h">
      <Filter>Header Files</Filter>
    </ClInclude>
    <ClInclude Include="S3DE\OpenGLAbstractions\VertexBufferLayout.h">
      <Filter>Header Files</Filter>
    </ClInclude>
    <ClInclude Include="S3DE\Scene\Camera\Camera.h">
      <Filter>Header Files</Filter>
    </ClInclude>
    <ClInclude Include="S3DE\Scene\Camera\CameraConfig.h">
      <Filter>Header Files</Filter>
    </ClInclude>
    <ClInclude Include="S3DE\Scene\Camera\FPSCamera.h">
      <Filter>Header Files</Filter>
    </ClInclude>
    <ClInclude Include="S3DE\Utils\Error.h">
      <Filter>Header Files</Filter>
    </ClInclude>
    <ClInclude Include="S3DE\Utils\ModelGenerator.h">
      <Filter>Header Files</Filter>
    </ClInclude>
    <ClInclude Include="S3DE\Utils\ModelLoader.h">
      <Filter>Header Files</Filter>
    </ClInclude>
    <ClInclude Include="S3DE\Utils\Timer.h">
      <Filter>Header Files</Filter>
    </ClInclude>
    <ClInclude Include="S3DE\Utils\Utils.h">
      <Filter>Header Files</Filter>
    </ClInclude>
    <ClInclude Include="S3DE\Game\IGame.h">
      <Filter>Header Files</Filter>
    </ClInclude>
    <ClInclude Include="S3DE\Utils\BitManipulation.h">
      <Filter>Header Files</Filter>
    </ClInclude>
    <ClInclude Include="S3DE\Game\ECS\Ecs.h">
      <Filter>Header Files</Filter>
    </ClInclude>
    <ClInclude Include="S3DE\Game\ECS\Component.h">
      <Filter>Header Files</Filter>
    </ClInclude>
    <ClInclude Include="S3DE\Game\ECS\EcsDefines.h">
      <Filter>Header Files</Filter>
    </ClInclude>
    <ClInclude Include="S3DE\Game\ECS\Components\PositionComponent.h">
      <Filter>Header Files</Filter>
    </ClInclude>
    <ClInclude Include="S3DE\Game\ECS\Entity.h">
      <Filter>Header Files</Filter>
    </ClInclude>
  </ItemGroup>
</Project>